# This file is automatically @generated by Cargo.
# It is not intended for manual editing.
version = 4

[[package]]
name = "catalog-acquire"
version = "0.1.0"
dependencies = [
 "catalog-core",
]

[[package]]
name = "catalog-core"
version = "0.1.0"

[[package]]
name = "catalog-publish"
version = "0.1.0"
dependencies = [
 "catalog-core",
]

[[package]]
name = "catalog-sign"
version = "0.1.0"
dependencies = [
 "catalog-core",
]
